
Microsoft Visual Studio Solution File, Format Version 12.00
# Visual Studio 2012
Project("{FAE04EC0-301F-11D3-BF4B-00C04F79EFBC}") = "MetroPass.WinRT.Infrastructure", "MetroPass.WinRT.80\MetroPass.WinRT.Infrastructure\MetroPass.WinRT.Infrastructure.csproj", "{49748D29-F9CE-45C6-B807-415BF7A8A3EF}"
EndProject
Project("{FAE04EC0-301F-11D3-BF4B-00C04F79EFBC}") = "MetroPass.UI", "MetroPass.WinRT.80\MetroPass.UI\MetroPass.UI.csproj", "{CE338F45-5EAA-49E1-A6C7-25DC4654C3CE}"
EndProject
Project("{FAE04EC0-301F-11D3-BF4B-00C04F79EFBC}") = "MetroPass.UI.Tests", "MetroPass.WinRT.80\MetroPass.UI.Tests\MetroPass.UI.Tests.csproj", "{5FE3B947-6256-49AF-BB78-0923D8384B48}"
EndProject
Project("{FAE04EC0-301F-11D3-BF4B-00C04F79EFBC}") = "MetroPass.Core.Tests", "MetroPass.WinRT.80\MetroPass.Core.Tests\MetroPass.Core.Tests.csproj", "{EDE8AAA4-7F20-4CD3-8B8D-31D639943509}"
EndProject
Project("{2150E333-8FDC-42A3-9474-1A3956D46DE8}") = "UI", "UI", "{03F90BE9-F44B-47C5-A655-D236BAD31731}"
EndProject
Project("{2150E333-8FDC-42A3-9474-1A3956D46DE8}") = "Core", "Core", "{FE0B6098-16BE-48E9-9725-94DDF0E54137}"
EndProject
Project("{2150E333-8FDC-42A3-9474-1A3956D46DE8}") = "Tests", "Tests", "{505C97ED-CC11-4FB3-BCF2-70714ED40F82}"
EndProject
Project("{2150E333-8FDC-42A3-9474-1A3956D46DE8}") = "Infrastructure", "Infrastructure", "{E4C453C1-8897-47C8-9D1A-5D00F41E9B61}"
EndProject
Project("{FAE04EC0-301F-11D3-BF4B-00C04F79EFBC}") = "Metropass.Core.PCL", "MetroPass.Core\Metropass.Core.PCL\Metropass.Core.PCL.csproj", "{40AC1A3B-9796-4F90-8903-108C86CFBD15}"
EndProject
Project("{2150E333-8FDC-42A3-9474-1A3956D46DE8}") = ".nuget", ".nuget", "{F807E98F-1DF6-4BE9-9D74-84C506FF1B15}"
	ProjectSection(SolutionItems) = preProject
		.nuget\NuGet.Config = .nuget\NuGet.Config
		.nuget\NuGet.exe = .nuget\NuGet.exe
		.nuget\NuGet.targets = .nuget\NuGet.targets
	EndProjectSection
EndProject
Global
	GlobalSection(SolutionConfigurationPlatforms) = preSolution
		Debug|Any CPU = Debug|Any CPU
		Debug|ARM = Debug|ARM
		Debug|x64 = Debug|x64
		Debug|x86 = Debug|x86
		DebugAnyCPU|Any CPU = DebugAnyCPU|Any CPU
		DebugAnyCPU|ARM = DebugAnyCPU|ARM
		DebugAnyCPU|x64 = DebugAnyCPU|x64
		DebugAnyCPU|x86 = DebugAnyCPU|x86
		Release|Any CPU = Release|Any CPU
		Release|ARM = Release|ARM
		Release|x64 = Release|x64
		Release|x86 = Release|x86
	EndGlobalSection
	GlobalSection(ProjectConfigurationPlatforms) = postSolution
		{49748D29-F9CE-45C6-B807-415BF7A8A3EF}.Debug|Any CPU.ActiveCfg = Debug|Any CPU
		{49748D29-F9CE-45C6-B807-415BF7A8A3EF}.Debug|Any CPU.Build.0 = Debug|Any CPU
		{49748D29-F9CE-45C6-B807-415BF7A8A3EF}.Debug|ARM.ActiveCfg = Debug|ARM
		{49748D29-F9CE-45C6-B807-415BF7A8A3EF}.Debug|ARM.Build.0 = Debug|ARM
		{49748D29-F9CE-45C6-B807-415BF7A8A3EF}.Debug|x64.ActiveCfg = Debug|x64
		{49748D29-F9CE-45C6-B807-415BF7A8A3EF}.Debug|x64.Build.0 = Debug|x64
		{49748D29-F9CE-45C6-B807-415BF7A8A3EF}.Debug|x86.ActiveCfg = Debug|x86
		{49748D29-F9CE-45C6-B807-415BF7A8A3EF}.Debug|x86.Build.0 = Debug|x86
		{49748D29-F9CE-45C6-B807-415BF7A8A3EF}.DebugAnyCPU|Any CPU.ActiveCfg = Debug|Any CPU
		{49748D29-F9CE-45C6-B807-415BF7A8A3EF}.DebugAnyCPU|Any CPU.Build.0 = Debug|Any CPU
		{49748D29-F9CE-45C6-B807-415BF7A8A3EF}.DebugAnyCPU|ARM.ActiveCfg = Debug|ARM
		{49748D29-F9CE-45C6-B807-415BF7A8A3EF}.DebugAnyCPU|ARM.Build.0 = Debug|ARM
		{49748D29-F9CE-45C6-B807-415BF7A8A3EF}.DebugAnyCPU|x64.ActiveCfg = Debug|x64
		{49748D29-F9CE-45C6-B807-415BF7A8A3EF}.DebugAnyCPU|x64.Build.0 = Debug|x64
		{49748D29-F9CE-45C6-B807-415BF7A8A3EF}.DebugAnyCPU|x86.ActiveCfg = Debug|x86
		{49748D29-F9CE-45C6-B807-415BF7A8A3EF}.DebugAnyCPU|x86.Build.0 = Debug|x86
		{49748D29-F9CE-45C6-B807-415BF7A8A3EF}.Release|Any CPU.ActiveCfg = Release|Any CPU
		{49748D29-F9CE-45C6-B807-415BF7A8A3EF}.Release|Any CPU.Build.0 = Release|Any CPU
		{49748D29-F9CE-45C6-B807-415BF7A8A3EF}.Release|ARM.ActiveCfg = Release|ARM
		{49748D29-F9CE-45C6-B807-415BF7A8A3EF}.Release|ARM.Build.0 = Release|ARM
		{49748D29-F9CE-45C6-B807-415BF7A8A3EF}.Release|x64.ActiveCfg = Release|x64
		{49748D29-F9CE-45C6-B807-415BF7A8A3EF}.Release|x64.Build.0 = Release|x64
		{49748D29-F9CE-45C6-B807-415BF7A8A3EF}.Release|x86.ActiveCfg = Release|x86
		{49748D29-F9CE-45C6-B807-415BF7A8A3EF}.Release|x86.Build.0 = Release|x86
		{CE338F45-5EAA-49E1-A6C7-25DC4654C3CE}.Debug|Any CPU.ActiveCfg = Debug|Any CPU
		{CE338F45-5EAA-49E1-A6C7-25DC4654C3CE}.Debug|Any CPU.Build.0 = Debug|Any CPU
		{CE338F45-5EAA-49E1-A6C7-25DC4654C3CE}.Debug|Any CPU.Deploy.0 = Debug|Any CPU
		{CE338F45-5EAA-49E1-A6C7-25DC4654C3CE}.Debug|ARM.ActiveCfg = Debug|ARM
		{CE338F45-5EAA-49E1-A6C7-25DC4654C3CE}.Debug|ARM.Build.0 = Debug|ARM
		{CE338F45-5EAA-49E1-A6C7-25DC4654C3CE}.Debug|ARM.Deploy.0 = Debug|ARM
		{CE338F45-5EAA-49E1-A6C7-25DC4654C3CE}.Debug|x64.ActiveCfg = Debug|x64
		{CE338F45-5EAA-49E1-A6C7-25DC4654C3CE}.Debug|x64.Build.0 = Debug|x64
		{CE338F45-5EAA-49E1-A6C7-25DC4654C3CE}.Debug|x64.Deploy.0 = Debug|x64
		{CE338F45-5EAA-49E1-A6C7-25DC4654C3CE}.Debug|x86.ActiveCfg = Debug|x86
		{CE338F45-5EAA-49E1-A6C7-25DC4654C3CE}.Debug|x86.Build.0 = Debug|x86
		{CE338F45-5EAA-49E1-A6C7-25DC4654C3CE}.Debug|x86.Deploy.0 = Debug|x86
		{CE338F45-5EAA-49E1-A6C7-25DC4654C3CE}.DebugAnyCPU|Any CPU.ActiveCfg = Debug|Any CPU
		{CE338F45-5EAA-49E1-A6C7-25DC4654C3CE}.DebugAnyCPU|Any CPU.Build.0 = Debug|Any CPU
		{CE338F45-5EAA-49E1-A6C7-25DC4654C3CE}.DebugAnyCPU|Any CPU.Deploy.0 = Debug|Any CPU
		{CE338F45-5EAA-49E1-A6C7-25DC4654C3CE}.DebugAnyCPU|ARM.ActiveCfg = Debug|ARM
		{CE338F45-5EAA-49E1-A6C7-25DC4654C3CE}.DebugAnyCPU|ARM.Build.0 = Debug|ARM
		{CE338F45-5EAA-49E1-A6C7-25DC4654C3CE}.DebugAnyCPU|ARM.Deploy.0 = Debug|ARM
		{CE338F45-5EAA-49E1-A6C7-25DC4654C3CE}.DebugAnyCPU|x64.ActiveCfg = Debug|x64
		{CE338F45-5EAA-49E1-A6C7-25DC4654C3CE}.DebugAnyCPU|x64.Build.0 = Debug|x64
		{CE338F45-5EAA-49E1-A6C7-25DC4654C3CE}.DebugAnyCPU|x64.Deploy.0 = Debug|x64
		{CE338F45-5EAA-49E1-A6C7-25DC4654C3CE}.DebugAnyCPU|x86.ActiveCfg = Debug|x86
		{CE338F45-5EAA-49E1-A6C7-25DC4654C3CE}.DebugAnyCPU|x86.Build.0 = Debug|x86
		{CE338F45-5EAA-49E1-A6C7-25DC4654C3CE}.DebugAnyCPU|x86.Deploy.0 = Debug|x86
		{CE338F45-5EAA-49E1-A6C7-25DC4654C3CE}.Release|Any CPU.ActiveCfg = Release|Any CPU
		{CE338F45-5EAA-49E1-A6C7-25DC4654C3CE}.Release|Any CPU.Build.0 = Release|Any CPU
		{CE338F45-5EAA-49E1-A6C7-25DC4654C3CE}.Release|Any CPU.Deploy.0 = Release|Any CPU
		{CE338F45-5EAA-49E1-A6C7-25DC4654C3CE}.Release|ARM.ActiveCfg = Release|ARM
		{CE338F45-5EAA-49E1-A6C7-25DC4654C3CE}.Release|ARM.Build.0 = Release|ARM
		{CE338F45-5EAA-49E1-A6C7-25DC4654C3CE}.Release|ARM.Deploy.0 = Release|ARM
		{CE338F45-5EAA-49E1-A6C7-25DC4654C3CE}.Release|x64.ActiveCfg = Release|x64
		{CE338F45-5EAA-49E1-A6C7-25DC4654C3CE}.Release|x64.Build.0 = Release|x64
		{CE338F45-5EAA-49E1-A6C7-25DC4654C3CE}.Release|x64.Deploy.0 = Release|x64
		{CE338F45-5EAA-49E1-A6C7-25DC4654C3CE}.Release|x86.ActiveCfg = Release|x86
		{CE338F45-5EAA-49E1-A6C7-25DC4654C3CE}.Release|x86.Build.0 = Release|x86
		{CE338F45-5EAA-49E1-A6C7-25DC4654C3CE}.Release|x86.Deploy.0 = Release|x86
		{5FE3B947-6256-49AF-BB78-0923D8384B48}.Debug|Any CPU.ActiveCfg = Debug|Any CPU
		{5FE3B947-6256-49AF-BB78-0923D8384B48}.Debug|Any CPU.Build.0 = Debug|Any CPU
		{5FE3B947-6256-49AF-BB78-0923D8384B48}.Debug|Any CPU.Deploy.0 = Debug|Any CPU
		{5FE3B947-6256-49AF-BB78-0923D8384B48}.Debug|ARM.ActiveCfg = Debug|ARM
		{5FE3B947-6256-49AF-BB78-0923D8384B48}.Debug|ARM.Build.0 = Debug|ARM
		{5FE3B947-6256-49AF-BB78-0923D8384B48}.Debug|ARM.Deploy.0 = Debug|ARM
		{5FE3B947-6256-49AF-BB78-0923D8384B48}.Debug|x64.ActiveCfg = Debug|x64
		{5FE3B947-6256-49AF-BB78-0923D8384B48}.Debug|x64.Build.0 = Debug|x64
		{5FE3B947-6256-49AF-BB78-0923D8384B48}.Debug|x64.Deploy.0 = Debug|x64
		{5FE3B947-6256-49AF-BB78-0923D8384B48}.Debug|x86.ActiveCfg = Debug|x86
		{5FE3B947-6256-49AF-BB78-0923D8384B48}.Debug|x86.Build.0 = Debug|x86
		{5FE3B947-6256-49AF-BB78-0923D8384B48}.Debug|x86.Deploy.0 = Debug|x86
		{5FE3B947-6256-49AF-BB78-0923D8384B48}.DebugAnyCPU|Any CPU.ActiveCfg = Debug|Any CPU
		{5FE3B947-6256-49AF-BB78-0923D8384B48}.DebugAnyCPU|Any CPU.Build.0 = Debug|Any CPU
		{5FE3B947-6256-49AF-BB78-0923D8384B48}.DebugAnyCPU|Any CPU.Deploy.0 = Debug|Any CPU
		{5FE3B947-6256-49AF-BB78-0923D8384B48}.DebugAnyCPU|ARM.ActiveCfg = Debug|ARM
		{5FE3B947-6256-49AF-BB78-0923D8384B48}.DebugAnyCPU|ARM.Build.0 = Debug|ARM
		{5FE3B947-6256-49AF-BB78-0923D8384B48}.DebugAnyCPU|ARM.Deploy.0 = Debug|ARM
		{5FE3B947-6256-49AF-BB78-0923D8384B48}.DebugAnyCPU|x64.ActiveCfg = Debug|x64
		{5FE3B947-6256-49AF-BB78-0923D8384B48}.DebugAnyCPU|x64.Build.0 = Debug|x64
		{5FE3B947-6256-49AF-BB78-0923D8384B48}.DebugAnyCPU|x64.Deploy.0 = Debug|x64
		{5FE3B947-6256-49AF-BB78-0923D8384B48}.DebugAnyCPU|x86.ActiveCfg = Debug|x86
		{5FE3B947-6256-49AF-BB78-0923D8384B48}.DebugAnyCPU|x86.Build.0 = Debug|x86
		{5FE3B947-6256-49AF-BB78-0923D8384B48}.DebugAnyCPU|x86.Deploy.0 = Debug|x86
		{5FE3B947-6256-49AF-BB78-0923D8384B48}.Release|Any CPU.ActiveCfg = Release|Any CPU
		{5FE3B947-6256-49AF-BB78-0923D8384B48}.Release|Any CPU.Build.0 = Release|Any CPU
		{5FE3B947-6256-49AF-BB78-0923D8384B48}.Release|Any CPU.Deploy.0 = Release|Any CPU
		{5FE3B947-6256-49AF-BB78-0923D8384B48}.Release|ARM.ActiveCfg = Release|ARM
		{5FE3B947-6256-49AF-BB78-0923D8384B48}.Release|ARM.Build.0 = Release|ARM
		{5FE3B947-6256-49AF-BB78-0923D8384B48}.Release|ARM.Deploy.0 = Release|ARM
		{5FE3B947-6256-49AF-BB78-0923D8384B48}.Release|x64.ActiveCfg = Release|x64
		{5FE3B947-6256-49AF-BB78-0923D8384B48}.Release|x64.Build.0 = Release|x64
		{5FE3B947-6256-49AF-BB78-0923D8384B48}.Release|x64.Deploy.0 = Release|x64
		{5FE3B947-6256-49AF-BB78-0923D8384B48}.Release|x86.ActiveCfg = Release|x86
		{5FE3B947-6256-49AF-BB78-0923D8384B48}.Release|x86.Build.0 = Release|x86
		{5FE3B947-6256-49AF-BB78-0923D8384B48}.Release|x86.Deploy.0 = Release|x86
		{EDE8AAA4-7F20-4CD3-8B8D-31D639943509}.Debug|Any CPU.ActiveCfg = Debug|Any CPU
		{EDE8AAA4-7F20-4CD3-8B8D-31D639943509}.Debug|Any CPU.Build.0 = Debug|Any CPU
		{EDE8AAA4-7F20-4CD3-8B8D-31D639943509}.Debug|Any CPU.Deploy.0 = Debug|Any CPU
		{EDE8AAA4-7F20-4CD3-8B8D-31D639943509}.Debug|ARM.ActiveCfg = Debug|ARM
		{EDE8AAA4-7F20-4CD3-8B8D-31D639943509}.Debug|ARM.Build.0 = Debug|ARM
		{EDE8AAA4-7F20-4CD3-8B8D-31D639943509}.Debug|ARM.Deploy.0 = Debug|ARM
		{EDE8AAA4-7F20-4CD3-8B8D-31D639943509}.Debug|x64.ActiveCfg = Debug|x64
		{EDE8AAA4-7F20-4CD3-8B8D-31D639943509}.Debug|x64.Build.0 = Debug|x64
		{EDE8AAA4-7F20-4CD3-8B8D-31D639943509}.Debug|x64.Deploy.0 = Debug|x64
		{EDE8AAA4-7F20-4CD3-8B8D-31D639943509}.Debug|x86.ActiveCfg = Debug|x86
		{EDE8AAA4-7F20-4CD3-8B8D-31D639943509}.Debug|x86.Build.0 = Debug|x86
		{EDE8AAA4-7F20-4CD3-8B8D-31D639943509}.Debug|x86.Deploy.0 = Debug|x86
		{EDE8AAA4-7F20-4CD3-8B8D-31D639943509}.DebugAnyCPU|Any CPU.ActiveCfg = Debug|Any CPU
		{EDE8AAA4-7F20-4CD3-8B8D-31D639943509}.DebugAnyCPU|Any CPU.Build.0 = Debug|Any CPU
		{EDE8AAA4-7F20-4CD3-8B8D-31D639943509}.DebugAnyCPU|Any CPU.Deploy.0 = Debug|Any CPU
		{EDE8AAA4-7F20-4CD3-8B8D-31D639943509}.DebugAnyCPU|ARM.ActiveCfg = Debug|ARM
		{EDE8AAA4-7F20-4CD3-8B8D-31D639943509}.DebugAnyCPU|ARM.Build.0 = Debug|ARM
		{EDE8AAA4-7F20-4CD3-8B8D-31D639943509}.DebugAnyCPU|ARM.Deploy.0 = Debug|ARM
		{EDE8AAA4-7F20-4CD3-8B8D-31D639943509}.DebugAnyCPU|x64.ActiveCfg = Debug|x64
		{EDE8AAA4-7F20-4CD3-8B8D-31D639943509}.DebugAnyCPU|x64.Build.0 = Debug|x64
		{EDE8AAA4-7F20-4CD3-8B8D-31D639943509}.DebugAnyCPU|x64.Deploy.0 = Debug|x64
		{EDE8AAA4-7F20-4CD3-8B8D-31D639943509}.DebugAnyCPU|x86.ActiveCfg = Debug|x86
		{EDE8AAA4-7F20-4CD3-8B8D-31D639943509}.DebugAnyCPU|x86.Build.0 = Debug|x86
		{EDE8AAA4-7F20-4CD3-8B8D-31D639943509}.DebugAnyCPU|x86.Deploy.0 = Debug|x86
		{EDE8AAA4-7F20-4CD3-8B8D-31D639943509}.Release|Any CPU.ActiveCfg = Release|Any CPU
		{EDE8AAA4-7F20-4CD3-8B8D-31D639943509}.Release|Any CPU.Build.0 = Release|Any CPU
		{EDE8AAA4-7F20-4CD3-8B8D-31D639943509}.Release|Any CPU.Deploy.0 = Release|Any CPU
		{EDE8AAA4-7F20-4CD3-8B8D-31D639943509}.Release|ARM.ActiveCfg = Release|ARM
		{EDE8AAA4-7F20-4CD3-8B8D-31D639943509}.Release|ARM.Build.0 = Release|ARM
		{EDE8AAA4-7F20-4CD3-8B8D-31D639943509}.Release|ARM.Deploy.0 = Release|ARM
		{EDE8AAA4-7F20-4CD3-8B8D-31D639943509}.Release|x64.ActiveCfg = Release|x64
		{EDE8AAA4-7F20-4CD3-8B8D-31D639943509}.Release|x64.Build.0 = Release|x64
		{EDE8AAA4-7F20-4CD3-8B8D-31D639943509}.Release|x64.Deploy.0 = Release|x64
		{EDE8AAA4-7F20-4CD3-8B8D-31D639943509}.Release|x86.ActiveCfg = Release|x86
		{EDE8AAA4-7F20-4CD3-8B8D-31D639943509}.Release|x86.Build.0 = Release|x86
		{EDE8AAA4-7F20-4CD3-8B8D-31D639943509}.Release|x86.Deploy.0 = Release|x86
		{40AC1A3B-9796-4F90-8903-108C86CFBD15}.Debug|Any CPU.ActiveCfg = Debug|Any CPU
		{40AC1A3B-9796-4F90-8903-108C86CFBD15}.Debug|Any CPU.Build.0 = Debug|Any CPU
		{40AC1A3B-9796-4F90-8903-108C86CFBD15}.Debug|ARM.ActiveCfg = Debug|Any CPU
		{40AC1A3B-9796-4F90-8903-108C86CFBD15}.Debug|x64.ActiveCfg = Debug|Any CPU
		{40AC1A3B-9796-4F90-8903-108C86CFBD15}.Debug|x86.ActiveCfg = Debug|Any CPU
		{40AC1A3B-9796-4F90-8903-108C86CFBD15}.DebugAnyCPU|Any CPU.ActiveCfg = DebugAnyCPU|Any CPU
		{40AC1A3B-9796-4F90-8903-108C86CFBD15}.DebugAnyCPU|Any CPU.Build.0 = DebugAnyCPU|Any CPU
		{40AC1A3B-9796-4F90-8903-108C86CFBD15}.DebugAnyCPU|ARM.ActiveCfg = DebugAnyCPU|Any CPU
		{40AC1A3B-9796-4F90-8903-108C86CFBD15}.DebugAnyCPU|x64.ActiveCfg = DebugAnyCPU|Any CPU
		{40AC1A3B-9796-4F90-8903-108C86CFBD15}.DebugAnyCPU|x86.ActiveCfg = DebugAnyCPU|Any CPU
		{40AC1A3B-9796-4F90-8903-108C86CFBD15}.Release|Any CPU.ActiveCfg = Release|Any CPU
		{40AC1A3B-9796-4F90-8903-108C86CFBD15}.Release|Any CPU.Build.0 = Release|Any CPU
		{40AC1A3B-9796-4F90-8903-108C86CFBD15}.Release|ARM.ActiveCfg = Release|Any CPU
		{40AC1A3B-9796-4F90-8903-108C86CFBD15}.Release|x64.ActiveCfg = Release|Any CPU
		{40AC1A3B-9796-4F90-8903-108C86CFBD15}.Release|x86.ActiveCfg = Release|Any CPU
	EndGlobalSection
	GlobalSection(SolutionProperties) = preSolution
		HideSolutionNode = FALSE
	EndGlobalSection
	GlobalSection(NestedProjects) = preSolution
		{49748D29-F9CE-45C6-B807-415BF7A8A3EF} = {E4C453C1-8897-47C8-9D1A-5D00F41E9B61}
		{CE338F45-5EAA-49E1-A6C7-25DC4654C3CE} = {03F90BE9-F44B-47C5-A655-D236BAD31731}
		{EDE8AAA4-7F20-4CD3-8B8D-31D639943509} = {505C97ED-CC11-4FB3-BCF2-70714ED40F82}
		{5FE3B947-6256-49AF-BB78-0923D8384B48} = {505C97ED-CC11-4FB3-BCF2-70714ED40F82}
		{40AC1A3B-9796-4F90-8903-108C86CFBD15} = {FE0B6098-16BE-48E9-9725-94DDF0E54137}
	EndGlobalSection
EndGlobal
