
Microsoft Visual Studio Solution File, Format Version 12.00
# Visual Studio 2013
VisualStudioVersion = 12.0.21005.1
MinimumVisualStudioVersion = 10.0.40219.1
Project("{FAE04EC0-301F-11D3-BF4B-00C04F79EFBC}") = "Metropass.Core.PCL", "MetroPass.Core\Metropass.Core.PCL\Metropass.Core.PCL.csproj", "{40AC1A3B-9796-4F90-8903-108C86CFBD15}"
EndProject
Project("{FAE04EC0-301F-11D3-BF4B-00C04F79EFBC}") = "MetroPass.WinRT.Infrastructure", "MetroPass.WinRT.80\MetroPass.WinRT.Infrastructure\MetroPass.WinRT.Infrastructure.csproj", "{49748D29-F9CE-45C6-B807-415BF7A8A3EF}"
EndProject
Project("{FAE04EC0-301F-11D3-BF4B-00C04F79EFBC}") = "MetroPass.UI", "MetroPass.WinRT.80\MetroPass.UI\MetroPass.UI.csproj", "{CE338F45-5EAA-49E1-A6C7-25DC4654C3CE}"
EndProject
Project("{2150E333-8FDC-42A3-9474-1A3956D46DE8}") = "W8", "W8", "{5149B68C-8CFC-4ACC-B032-449A5E434FDA}"
EndProject
Project("{2150E333-8FDC-42A3-9474-1A3956D46DE8}") = "W81", "W81", "{43AD0C0D-CEF6-4A12-8180-80A7D47EC006}"
EndProject
Project("{FAE04EC0-301F-11D3-BF4B-00C04F79EFBC}") = "MetroPass.UI", "MetroPass.WinRT.81\MetroPass.UI\MetroPass.UI.csproj", "{C2822844-B96F-4025-981C-B9565C40ADD9}"
EndProject
Project("{FAE04EC0-301F-11D3-BF4B-00C04F79EFBC}") = "MetroPass.WinRT.Infrastructure", "MetroPass.WinRT.81\MetroPass.WinRT.Infrastructure\MetroPass.WinRT.Infrastructure.csproj", "{F1E221F6-6B68-442C-B3AD-3B483BCB9F4C}"
EndProject
Project("{2150E333-8FDC-42A3-9474-1A3956D46DE8}") = "WP8", "WP8", "{BDF633AA-1671-4BFB-B20C-630F3531A363}"
EndProject
Project("{FAE04EC0-301F-11D3-BF4B-00C04F79EFBC}") = "MetroPass.WP8.UI", "MetroPass.WP8\MetroPass.WP8.UI\MetroPass.WP8.UI.csproj", "{3337CA6F-1DAD-43AB-98D1-6062BCA19680}"
EndProject
Project("{FAE04EC0-301F-11D3-BF4B-00C04F79EFBC}") = "MetroPass.WP8.Infrastructure", "MetroPass.WP8\MetroPass.WP8.Infrastructure\MetroPass.WP8.Infrastructure.csproj", "{C049B810-F050-4939-ADED-F2BB7711C25F}"
EndProject
Global
	GlobalSection(SolutionConfigurationPlatforms) = preSolution
		Debug|Any CPU = Debug|Any CPU
		Debug|ARM = Debug|ARM
		Debug|x64 = Debug|x64
		Debug|x86 = Debug|x86
		DebugAnyCPU|Any CPU = DebugAnyCPU|Any CPU
		DebugAnyCPU|ARM = DebugAnyCPU|ARM
		DebugAnyCPU|x64 = DebugAnyCPU|x64
		DebugAnyCPU|x86 = DebugAnyCPU|x86
		Release|Any CPU = Release|Any CPU
		Release|ARM = Release|ARM
		Release|x64 = Release|x64
		Release|x86 = Release|x86
	EndGlobalSection
	GlobalSection(ProjectConfigurationPlatforms) = postSolution
		{40AC1A3B-9796-4F90-8903-108C86CFBD15}.Debug|Any CPU.ActiveCfg = Debug|Any CPU
		{40AC1A3B-9796-4F90-8903-108C86CFBD15}.Debug|Any CPU.Build.0 = Debug|Any CPU
		{40AC1A3B-9796-4F90-8903-108C86CFBD15}.Debug|ARM.ActiveCfg = Debug|Any CPU
		{40AC1A3B-9796-4F90-8903-108C86CFBD15}.Debug|x64.ActiveCfg = Debug|Any CPU
		{40AC1A3B-9796-4F90-8903-108C86CFBD15}.Debug|x86.ActiveCfg = Debug|Any CPU
		{40AC1A3B-9796-4F90-8903-108C86CFBD15}.DebugAnyCPU|Any CPU.ActiveCfg = DebugAnyCPU|Any CPU
		{40AC1A3B-9796-4F90-8903-108C86CFBD15}.DebugAnyCPU|Any CPU.Build.0 = DebugAnyCPU|Any CPU
		{40AC1A3B-9796-4F90-8903-108C86CFBD15}.DebugAnyCPU|ARM.ActiveCfg = DebugAnyCPU|Any CPU
		{40AC1A3B-9796-4F90-8903-108C86CFBD15}.DebugAnyCPU|x64.ActiveCfg = DebugAnyCPU|Any CPU
		{40AC1A3B-9796-4F90-8903-108C86CFBD15}.DebugAnyCPU|x86.ActiveCfg = DebugAnyCPU|Any CPU
		{40AC1A3B-9796-4F90-8903-108C86CFBD15}.Release|Any CPU.ActiveCfg = Release|Any CPU
		{40AC1A3B-9796-4F90-8903-108C86CFBD15}.Release|Any CPU.Build.0 = Release|Any CPU
		{40AC1A3B-9796-4F90-8903-108C86CFBD15}.Release|ARM.ActiveCfg = Release|Any CPU
		{40AC1A3B-9796-4F90-8903-108C86CFBD15}.Release|x64.ActiveCfg = Release|Any CPU
		{40AC1A3B-9796-4F90-8903-108C86CFBD15}.Release|x86.ActiveCfg = Release|Any CPU
		{49748D29-F9CE-45C6-B807-415BF7A8A3EF}.Debug|Any CPU.ActiveCfg = Debug|Any CPU
		{49748D29-F9CE-45C6-B807-415BF7A8A3EF}.Debug|Any CPU.Build.0 = Debug|Any CPU
		{49748D29-F9CE-45C6-B807-415BF7A8A3EF}.Debug|ARM.ActiveCfg = Debug|ARM
		{49748D29-F9CE-45C6-B807-415BF7A8A3EF}.Debug|ARM.Build.0 = Debug|ARM
		{49748D29-F9CE-45C6-B807-415BF7A8A3EF}.Debug|x64.ActiveCfg = Debug|x64
		{49748D29-F9CE-45C6-B807-415BF7A8A3EF}.Debug|x64.Build.0 = Debug|x64
		{49748D29-F9CE-45C6-B807-415BF7A8A3EF}.Debug|x86.ActiveCfg = Debug|x86
		{49748D29-F9CE-45C6-B807-415BF7A8A3EF}.Debug|x86.Build.0 = Debug|x86
		{49748D29-F9CE-45C6-B807-415BF7A8A3EF}.DebugAnyCPU|Any CPU.ActiveCfg = Debug|Any CPU
		{49748D29-F9CE-45C6-B807-415BF7A8A3EF}.DebugAnyCPU|Any CPU.Build.0 = Debug|Any CPU
		{49748D29-F9CE-45C6-B807-415BF7A8A3EF}.DebugAnyCPU|ARM.ActiveCfg = Debug|ARM
		{49748D29-F9CE-45C6-B807-415BF7A8A3EF}.DebugAnyCPU|ARM.Build.0 = Debug|ARM
		{49748D29-F9CE-45C6-B807-415BF7A8A3EF}.DebugAnyCPU|x64.ActiveCfg = Debug|x64
		{49748D29-F9CE-45C6-B807-415BF7A8A3EF}.DebugAnyCPU|x64.Build.0 = Debug|x64
		{49748D29-F9CE-45C6-B807-415BF7A8A3EF}.DebugAnyCPU|x86.ActiveCfg = Debug|x86
		{49748D29-F9CE-45C6-B807-415BF7A8A3EF}.DebugAnyCPU|x86.Build.0 = Debug|x86
		{49748D29-F9CE-45C6-B807-415BF7A8A3EF}.Release|Any CPU.ActiveCfg = Release|Any CPU
		{49748D29-F9CE-45C6-B807-415BF7A8A3EF}.Release|Any CPU.Build.0 = Release|Any CPU
		{49748D29-F9CE-45C6-B807-415BF7A8A3EF}.Release|ARM.ActiveCfg = Release|ARM
		{49748D29-F9CE-45C6-B807-415BF7A8A3EF}.Release|ARM.Build.0 = Release|ARM
		{49748D29-F9CE-45C6-B807-415BF7A8A3EF}.Release|x64.ActiveCfg = Release|x64
		{49748D29-F9CE-45C6-B807-415BF7A8A3EF}.Release|x64.Build.0 = Release|x64
		{49748D29-F9CE-45C6-B807-415BF7A8A3EF}.Release|x86.ActiveCfg = Release|x86
		{49748D29-F9CE-45C6-B807-415BF7A8A3EF}.Release|x86.Build.0 = Release|x86
		{CE338F45-5EAA-49E1-A6C7-25DC4654C3CE}.Debug|Any CPU.ActiveCfg = Debug|Any CPU
		{CE338F45-5EAA-49E1-A6C7-25DC4654C3CE}.Debug|Any CPU.Build.0 = Debug|Any CPU
		{CE338F45-5EAA-49E1-A6C7-25DC4654C3CE}.Debug|Any CPU.Deploy.0 = Debug|Any CPU
		{CE338F45-5EAA-49E1-A6C7-25DC4654C3CE}.Debug|ARM.ActiveCfg = Debug|ARM
		{CE338F45-5EAA-49E1-A6C7-25DC4654C3CE}.Debug|ARM.Build.0 = Debug|ARM
		{CE338F45-5EAA-49E1-A6C7-25DC4654C3CE}.Debug|ARM.Deploy.0 = Debug|ARM
		{CE338F45-5EAA-49E1-A6C7-25DC4654C3CE}.Debug|x64.ActiveCfg = Debug|x64
		{CE338F45-5EAA-49E1-A6C7-25DC4654C3CE}.Debug|x64.Build.0 = Debug|x64
		{CE338F45-5EAA-49E1-A6C7-25DC4654C3CE}.Debug|x64.Deploy.0 = Debug|x64
		{CE338F45-5EAA-49E1-A6C7-25DC4654C3CE}.Debug|x86.ActiveCfg = Debug|x86
		{CE338F45-5EAA-49E1-A6C7-25DC4654C3CE}.Debug|x86.Build.0 = Debug|x86
		{CE338F45-5EAA-49E1-A6C7-25DC4654C3CE}.Debug|x86.Deploy.0 = Debug|x86
		{CE338F45-5EAA-49E1-A6C7-25DC4654C3CE}.DebugAnyCPU|Any CPU.ActiveCfg = Debug|Any CPU
		{CE338F45-5EAA-49E1-A6C7-25DC4654C3CE}.DebugAnyCPU|Any CPU.Build.0 = Debug|Any CPU
		{CE338F45-5EAA-49E1-A6C7-25DC4654C3CE}.DebugAnyCPU|Any CPU.Deploy.0 = Debug|Any CPU
		{CE338F45-5EAA-49E1-A6C7-25DC4654C3CE}.DebugAnyCPU|ARM.ActiveCfg = Debug|ARM
		{CE338F45-5EAA-49E1-A6C7-25DC4654C3CE}.DebugAnyCPU|ARM.Build.0 = Debug|ARM
		{CE338F45-5EAA-49E1-A6C7-25DC4654C3CE}.DebugAnyCPU|ARM.Deploy.0 = Debug|ARM
		{CE338F45-5EAA-49E1-A6C7-25DC4654C3CE}.DebugAnyCPU|x64.ActiveCfg = Debug|x64
		{CE338F45-5EAA-49E1-A6C7-25DC4654C3CE}.DebugAnyCPU|x64.Build.0 = Debug|x64
		{CE338F45-5EAA-49E1-A6C7-25DC4654C3CE}.DebugAnyCPU|x64.Deploy.0 = Debug|x64
		{CE338F45-5EAA-49E1-A6C7-25DC4654C3CE}.DebugAnyCPU|x86.ActiveCfg = Debug|x86
		{CE338F45-5EAA-49E1-A6C7-25DC4654C3CE}.DebugAnyCPU|x86.Build.0 = Debug|x86
		{CE338F45-5EAA-49E1-A6C7-25DC4654C3CE}.DebugAnyCPU|x86.Deploy.0 = Debug|x86
		{CE338F45-5EAA-49E1-A6C7-25DC4654C3CE}.Release|Any CPU.ActiveCfg = Release|Any CPU
		{CE338F45-5EAA-49E1-A6C7-25DC4654C3CE}.Release|Any CPU.Build.0 = Release|Any CPU
		{CE338F45-5EAA-49E1-A6C7-25DC4654C3CE}.Release|Any CPU.Deploy.0 = Release|Any CPU
		{CE338F45-5EAA-49E1-A6C7-25DC4654C3CE}.Release|ARM.ActiveCfg = Release|ARM
		{CE338F45-5EAA-49E1-A6C7-25DC4654C3CE}.Release|ARM.Build.0 = Release|ARM
		{CE338F45-5EAA-49E1-A6C7-25DC4654C3CE}.Release|ARM.Deploy.0 = Release|ARM
		{CE338F45-5EAA-49E1-A6C7-25DC4654C3CE}.Release|x64.ActiveCfg = Release|x64
		{CE338F45-5EAA-49E1-A6C7-25DC4654C3CE}.Release|x64.Build.0 = Release|x64
		{CE338F45-5EAA-49E1-A6C7-25DC4654C3CE}.Release|x64.Deploy.0 = Release|x64
		{CE338F45-5EAA-49E1-A6C7-25DC4654C3CE}.Release|x86.ActiveCfg = Release|x86
		{CE338F45-5EAA-49E1-A6C7-25DC4654C3CE}.Release|x86.Build.0 = Release|x86
		{CE338F45-5EAA-49E1-A6C7-25DC4654C3CE}.Release|x86.Deploy.0 = Release|x86
		{C2822844-B96F-4025-981C-B9565C40ADD9}.Debug|Any CPU.ActiveCfg = Debug|Any CPU
		{C2822844-B96F-4025-981C-B9565C40ADD9}.Debug|Any CPU.Build.0 = Debug|Any CPU
		{C2822844-B96F-4025-981C-B9565C40ADD9}.Debug|Any CPU.Deploy.0 = Debug|Any CPU
		{C2822844-B96F-4025-981C-B9565C40ADD9}.Debug|ARM.ActiveCfg = Debug|ARM
		{C2822844-B96F-4025-981C-B9565C40ADD9}.Debug|ARM.Build.0 = Debug|ARM
		{C2822844-B96F-4025-981C-B9565C40ADD9}.Debug|ARM.Deploy.0 = Debug|ARM
		{C2822844-B96F-4025-981C-B9565C40ADD9}.Debug|x64.ActiveCfg = Debug|x64
		{C2822844-B96F-4025-981C-B9565C40ADD9}.Debug|x64.Build.0 = Debug|x64
		{C2822844-B96F-4025-981C-B9565C40ADD9}.Debug|x64.Deploy.0 = Debug|x64
		{C2822844-B96F-4025-981C-B9565C40ADD9}.Debug|x86.ActiveCfg = Debug|x86
		{C2822844-B96F-4025-981C-B9565C40ADD9}.Debug|x86.Build.0 = Debug|x86
		{C2822844-B96F-4025-981C-B9565C40ADD9}.Debug|x86.Deploy.0 = Debug|x86
		{C2822844-B96F-4025-981C-B9565C40ADD9}.DebugAnyCPU|Any CPU.ActiveCfg = Debug|Any CPU
		{C2822844-B96F-4025-981C-B9565C40ADD9}.DebugAnyCPU|Any CPU.Build.0 = Debug|Any CPU
		{C2822844-B96F-4025-981C-B9565C40ADD9}.DebugAnyCPU|Any CPU.Deploy.0 = Debug|Any CPU
		{C2822844-B96F-4025-981C-B9565C40ADD9}.DebugAnyCPU|ARM.ActiveCfg = Debug|ARM
		{C2822844-B96F-4025-981C-B9565C40ADD9}.DebugAnyCPU|ARM.Build.0 = Debug|ARM
		{C2822844-B96F-4025-981C-B9565C40ADD9}.DebugAnyCPU|ARM.Deploy.0 = Debug|ARM
		{C2822844-B96F-4025-981C-B9565C40ADD9}.DebugAnyCPU|x64.ActiveCfg = Debug|x64
		{C2822844-B96F-4025-981C-B9565C40ADD9}.DebugAnyCPU|x64.Build.0 = Debug|x64
		{C2822844-B96F-4025-981C-B9565C40ADD9}.DebugAnyCPU|x64.Deploy.0 = Debug|x64
		{C2822844-B96F-4025-981C-B9565C40ADD9}.DebugAnyCPU|x86.ActiveCfg = Debug|x86
		{C2822844-B96F-4025-981C-B9565C40ADD9}.DebugAnyCPU|x86.Build.0 = Debug|x86
		{C2822844-B96F-4025-981C-B9565C40ADD9}.DebugAnyCPU|x86.Deploy.0 = Debug|x86
		{C2822844-B96F-4025-981C-B9565C40ADD9}.Release|Any CPU.ActiveCfg = Release|Any CPU
		{C2822844-B96F-4025-981C-B9565C40ADD9}.Release|Any CPU.Build.0 = Release|Any CPU
		{C2822844-B96F-4025-981C-B9565C40ADD9}.Release|Any CPU.Deploy.0 = Release|Any CPU
		{C2822844-B96F-4025-981C-B9565C40ADD9}.Release|ARM.ActiveCfg = Release|ARM
		{C2822844-B96F-4025-981C-B9565C40ADD9}.Release|ARM.Build.0 = Release|ARM
		{C2822844-B96F-4025-981C-B9565C40ADD9}.Release|ARM.Deploy.0 = Release|ARM
		{C2822844-B96F-4025-981C-B9565C40ADD9}.Release|x64.ActiveCfg = Release|x64
		{C2822844-B96F-4025-981C-B9565C40ADD9}.Release|x64.Build.0 = Release|x64
		{C2822844-B96F-4025-981C-B9565C40ADD9}.Release|x64.Deploy.0 = Release|x64
		{C2822844-B96F-4025-981C-B9565C40ADD9}.Release|x86.ActiveCfg = Release|x86
		{C2822844-B96F-4025-981C-B9565C40ADD9}.Release|x86.Build.0 = Release|x86
		{C2822844-B96F-4025-981C-B9565C40ADD9}.Release|x86.Deploy.0 = Release|x86
		{F1E221F6-6B68-442C-B3AD-3B483BCB9F4C}.Debug|Any CPU.ActiveCfg = Debug|Any CPU
		{F1E221F6-6B68-442C-B3AD-3B483BCB9F4C}.Debug|Any CPU.Build.0 = Debug|Any CPU
		{F1E221F6-6B68-442C-B3AD-3B483BCB9F4C}.Debug|ARM.ActiveCfg = Debug|ARM
		{F1E221F6-6B68-442C-B3AD-3B483BCB9F4C}.Debug|ARM.Build.0 = Debug|ARM
		{F1E221F6-6B68-442C-B3AD-3B483BCB9F4C}.Debug|x64.ActiveCfg = Debug|x64
		{F1E221F6-6B68-442C-B3AD-3B483BCB9F4C}.Debug|x64.Build.0 = Debug|x64
		{F1E221F6-6B68-442C-B3AD-3B483BCB9F4C}.Debug|x86.ActiveCfg = Debug|x86
		{F1E221F6-6B68-442C-B3AD-3B483BCB9F4C}.Debug|x86.Build.0 = Debug|x86
		{F1E221F6-6B68-442C-B3AD-3B483BCB9F4C}.DebugAnyCPU|Any CPU.ActiveCfg = Debug|Any CPU
		{F1E221F6-6B68-442C-B3AD-3B483BCB9F4C}.DebugAnyCPU|Any CPU.Build.0 = Debug|Any CPU
		{F1E221F6-6B68-442C-B3AD-3B483BCB9F4C}.DebugAnyCPU|ARM.ActiveCfg = Debug|ARM
		{F1E221F6-6B68-442C-B3AD-3B483BCB9F4C}.DebugAnyCPU|ARM.Build.0 = Debug|ARM
		{F1E221F6-6B68-442C-B3AD-3B483BCB9F4C}.DebugAnyCPU|x64.ActiveCfg = Debug|x64
		{F1E221F6-6B68-442C-B3AD-3B483BCB9F4C}.DebugAnyCPU|x64.Build.0 = Debug|x64
		{F1E221F6-6B68-442C-B3AD-3B483BCB9F4C}.DebugAnyCPU|x86.ActiveCfg = Debug|x86
		{F1E221F6-6B68-442C-B3AD-3B483BCB9F4C}.DebugAnyCPU|x86.Build.0 = Debug|x86
		{F1E221F6-6B68-442C-B3AD-3B483BCB9F4C}.Release|Any CPU.ActiveCfg = Release|Any CPU
		{F1E221F6-6B68-442C-B3AD-3B483BCB9F4C}.Release|Any CPU.Build.0 = Release|Any CPU
		{F1E221F6-6B68-442C-B3AD-3B483BCB9F4C}.Release|ARM.ActiveCfg = Release|ARM
		{F1E221F6-6B68-442C-B3AD-3B483BCB9F4C}.Release|ARM.Build.0 = Release|ARM
		{F1E221F6-6B68-442C-B3AD-3B483BCB9F4C}.Release|x64.ActiveCfg = Release|x64
		{F1E221F6-6B68-442C-B3AD-3B483BCB9F4C}.Release|x64.Build.0 = Release|x64
		{F1E221F6-6B68-442C-B3AD-3B483BCB9F4C}.Release|x86.ActiveCfg = Release|x86
		{F1E221F6-6B68-442C-B3AD-3B483BCB9F4C}.Release|x86.Build.0 = Release|x86
		{3337CA6F-1DAD-43AB-98D1-6062BCA19680}.Debug|Any CPU.ActiveCfg = Debug|Any CPU
		{3337CA6F-1DAD-43AB-98D1-6062BCA19680}.Debug|Any CPU.Build.0 = Debug|Any CPU
		{3337CA6F-1DAD-43AB-98D1-6062BCA19680}.Debug|Any CPU.Deploy.0 = Debug|Any CPU
		{3337CA6F-1DAD-43AB-98D1-6062BCA19680}.Debug|ARM.ActiveCfg = Debug|ARM
		{3337CA6F-1DAD-43AB-98D1-6062BCA19680}.Debug|ARM.Build.0 = Debug|ARM
		{3337CA6F-1DAD-43AB-98D1-6062BCA19680}.Debug|ARM.Deploy.0 = Debug|ARM
		{3337CA6F-1DAD-43AB-98D1-6062BCA19680}.Debug|x64.ActiveCfg = Debug|Any CPU
		{3337CA6F-1DAD-43AB-98D1-6062BCA19680}.Debug|x86.ActiveCfg = Debug|x86
		{3337CA6F-1DAD-43AB-98D1-6062BCA19680}.Debug|x86.Build.0 = Debug|x86
		{3337CA6F-1DAD-43AB-98D1-6062BCA19680}.Debug|x86.Deploy.0 = Debug|x86
		{3337CA6F-1DAD-43AB-98D1-6062BCA19680}.DebugAnyCPU|Any CPU.ActiveCfg = DebugAnyCPU|Any CPU
		{3337CA6F-1DAD-43AB-98D1-6062BCA19680}.DebugAnyCPU|Any CPU.Build.0 = DebugAnyCPU|Any CPU
		{3337CA6F-1DAD-43AB-98D1-6062BCA19680}.DebugAnyCPU|Any CPU.Deploy.0 = DebugAnyCPU|Any CPU
		{3337CA6F-1DAD-43AB-98D1-6062BCA19680}.DebugAnyCPU|ARM.ActiveCfg = DebugAnyCPU|ARM
		{3337CA6F-1DAD-43AB-98D1-6062BCA19680}.DebugAnyCPU|ARM.Build.0 = DebugAnyCPU|ARM
		{3337CA6F-1DAD-43AB-98D1-6062BCA19680}.DebugAnyCPU|ARM.Deploy.0 = DebugAnyCPU|ARM
		{3337CA6F-1DAD-43AB-98D1-6062BCA19680}.DebugAnyCPU|x64.ActiveCfg = DebugAnyCPU|Any CPU
		{3337CA6F-1DAD-43AB-98D1-6062BCA19680}.DebugAnyCPU|x86.ActiveCfg = DebugAnyCPU|x86
		{3337CA6F-1DAD-43AB-98D1-6062BCA19680}.DebugAnyCPU|x86.Build.0 = DebugAnyCPU|x86
		{3337CA6F-1DAD-43AB-98D1-6062BCA19680}.DebugAnyCPU|x86.Deploy.0 = DebugAnyCPU|x86
		{3337CA6F-1DAD-43AB-98D1-6062BCA19680}.Release|Any CPU.ActiveCfg = Release|Any CPU
		{3337CA6F-1DAD-43AB-98D1-6062BCA19680}.Release|Any CPU.Build.0 = Release|Any CPU
		{3337CA6F-1DAD-43AB-98D1-6062BCA19680}.Release|Any CPU.Deploy.0 = Release|Any CPU
		{3337CA6F-1DAD-43AB-98D1-6062BCA19680}.Release|ARM.ActiveCfg = Release|ARM
		{3337CA6F-1DAD-43AB-98D1-6062BCA19680}.Release|ARM.Build.0 = Release|ARM
		{3337CA6F-1DAD-43AB-98D1-6062BCA19680}.Release|ARM.Deploy.0 = Release|ARM
		{3337CA6F-1DAD-43AB-98D1-6062BCA19680}.Release|x64.ActiveCfg = Release|Any CPU
		{3337CA6F-1DAD-43AB-98D1-6062BCA19680}.Release|x86.ActiveCfg = Release|x86
		{3337CA6F-1DAD-43AB-98D1-6062BCA19680}.Release|x86.Build.0 = Release|x86
		{3337CA6F-1DAD-43AB-98D1-6062BCA19680}.Release|x86.Deploy.0 = Release|x86
		{C049B810-F050-4939-ADED-F2BB7711C25F}.Debug|Any CPU.ActiveCfg = Debug|Any CPU
		{C049B810-F050-4939-ADED-F2BB7711C25F}.Debug|Any CPU.Build.0 = Debug|Any CPU
		{C049B810-F050-4939-ADED-F2BB7711C25F}.Debug|ARM.ActiveCfg = Debug|ARM
		{C049B810-F050-4939-ADED-F2BB7711C25F}.Debug|ARM.Build.0 = Debug|ARM
		{C049B810-F050-4939-ADED-F2BB7711C25F}.Debug|x64.ActiveCfg = Debug|Any CPU
		{C049B810-F050-4939-ADED-F2BB7711C25F}.Debug|x86.ActiveCfg = Debug|x86
		{C049B810-F050-4939-ADED-F2BB7711C25F}.Debug|x86.Build.0 = Debug|x86
		{C049B810-F050-4939-ADED-F2BB7711C25F}.DebugAnyCPU|Any CPU.ActiveCfg = DebugAnyCPU|Any CPU
		{C049B810-F050-4939-ADED-F2BB7711C25F}.DebugAnyCPU|Any CPU.Build.0 = DebugAnyCPU|Any CPU
		{C049B810-F050-4939-ADED-F2BB7711C25F}.DebugAnyCPU|ARM.ActiveCfg = DebugAnyCPU|ARM
		{C049B810-F050-4939-ADED-F2BB7711C25F}.DebugAnyCPU|ARM.Build.0 = DebugAnyCPU|ARM
		{C049B810-F050-4939-ADED-F2BB7711C25F}.DebugAnyCPU|x64.ActiveCfg = DebugAnyCPU|Any CPU
		{C049B810-F050-4939-ADED-F2BB7711C25F}.DebugAnyCPU|x86.ActiveCfg = DebugAnyCPU|x86
		{C049B810-F050-4939-ADED-F2BB7711C25F}.DebugAnyCPU|x86.Build.0 = DebugAnyCPU|x86
		{C049B810-F050-4939-ADED-F2BB7711C25F}.Release|Any CPU.ActiveCfg = Release|Any CPU
		{C049B810-F050-4939-ADED-F2BB7711C25F}.Release|Any CPU.Build.0 = Release|Any CPU
		{C049B810-F050-4939-ADED-F2BB7711C25F}.Release|ARM.ActiveCfg = Release|ARM
		{C049B810-F050-4939-ADED-F2BB7711C25F}.Release|ARM.Build.0 = Release|ARM
		{C049B810-F050-4939-ADED-F2BB7711C25F}.Release|x64.ActiveCfg = Release|Any CPU
		{C049B810-F050-4939-ADED-F2BB7711C25F}.Release|x86.ActiveCfg = Release|x86
		{C049B810-F050-4939-ADED-F2BB7711C25F}.Release|x86.Build.0 = Release|x86
	EndGlobalSection
	GlobalSection(SolutionProperties) = preSolution
		HideSolutionNode = FALSE
	EndGlobalSection
	GlobalSection(NestedProjects) = preSolution
		{CE338F45-5EAA-49E1-A6C7-25DC4654C3CE} = {5149B68C-8CFC-4ACC-B032-449A5E434FDA}
		{49748D29-F9CE-45C6-B807-415BF7A8A3EF} = {5149B68C-8CFC-4ACC-B032-449A5E434FDA}
		{C2822844-B96F-4025-981C-B9565C40ADD9} = {43AD0C0D-CEF6-4A12-8180-80A7D47EC006}
		{F1E221F6-6B68-442C-B3AD-3B483BCB9F4C} = {43AD0C0D-CEF6-4A12-8180-80A7D47EC006}
		{3337CA6F-1DAD-43AB-98D1-6062BCA19680} = {BDF633AA-1671-4BFB-B20C-630F3531A363}
		{C049B810-F050-4939-ADED-F2BB7711C25F} = {BDF633AA-1671-4BFB-B20C-630F3531A363}
	EndGlobalSection
EndGlobal
