
Microsoft Visual Studio Solution File, Format Version 12.00
# Visual Studio 2012
Project("{FAE04EC0-301F-11D3-BF4B-00C04F79EFBC}") = "Metropass.Core.PCL", "MetroPass.Core\Metropass.Core.PCL\Metropass.Core.PCL.csproj", "{40AC1A3B-9796-4F90-8903-108C86CFBD15}"
EndProject
Project("{FAE04EC0-301F-11D3-BF4B-00C04F79EFBC}") = "MetroPass.WP8.Infrastructure", "MetroPass.WP8\MetroPass.WP8.Infrastructure\MetroPass.WP8.Infrastructure.csproj", "{C049B810-F050-4939-ADED-F2BB7711C25F}"
EndProject
Project("{FAE04EC0-301F-11D3-BF4B-00C04F79EFBC}") = "MetroPass.WP8.UI", "MetroPass.WP8\MetroPass.WP8.UI\MetroPass.WP8.UI.csproj", "{3337CA6F-1DAD-43AB-98D1-6062BCA19680}"
EndProject
Project("{FAE04EC0-301F-11D3-BF4B-00C04F79EFBC}") = "MetroPass.WP8.UI.Tests", "MetroPass.WP8\MetroPass.WP8.UI.Tests\MetroPass.WP8.UI.Tests.csproj", "{FCFBDAC4-2004-4B4B-807D-C6CB5DB5CFC1}"
EndProject
Project("{2150E333-8FDC-42A3-9474-1A3956D46DE8}") = "Tests", "Tests", "{3EA2544C-AD5D-4621-9DE6-0D9EDB5BCC4C}"
EndProject
Project("{FAE04EC0-301F-11D3-BF4B-00C04F79EFBC}") = "MetroPass.WP8.Infrastructure.Tests", "MetroPass.WP8.Infrastructure.Tests\MetroPass.WP8.Infrastructure.Tests.csproj", "{E6DDBEAB-6AD8-42B2-9B9C-93BD7C2D10EE}"
EndProject
Global
	GlobalSection(SolutionConfigurationPlatforms) = preSolution
		Debug|Any CPU = Debug|Any CPU
		Debug|ARM = Debug|ARM
		Debug|Mixed Platforms = Debug|Mixed Platforms
		Debug|x86 = Debug|x86
		DebugAnyCPU|Any CPU = DebugAnyCPU|Any CPU
		DebugAnyCPU|ARM = DebugAnyCPU|ARM
		DebugAnyCPU|Mixed Platforms = DebugAnyCPU|Mixed Platforms
		DebugAnyCPU|x86 = DebugAnyCPU|x86
		Release|Any CPU = Release|Any CPU
		Release|ARM = Release|ARM
		Release|Mixed Platforms = Release|Mixed Platforms
		Release|x86 = Release|x86
	EndGlobalSection
	GlobalSection(ProjectConfigurationPlatforms) = postSolution
		{40AC1A3B-9796-4F90-8903-108C86CFBD15}.Debug|Any CPU.ActiveCfg = Debug|Any CPU
		{40AC1A3B-9796-4F90-8903-108C86CFBD15}.Debug|Any CPU.Build.0 = Debug|Any CPU
		{40AC1A3B-9796-4F90-8903-108C86CFBD15}.Debug|ARM.ActiveCfg = Debug|Any CPU
		{40AC1A3B-9796-4F90-8903-108C86CFBD15}.Debug|Mixed Platforms.ActiveCfg = Debug|Any CPU
		{40AC1A3B-9796-4F90-8903-108C86CFBD15}.Debug|Mixed Platforms.Build.0 = Debug|Any CPU
		{40AC1A3B-9796-4F90-8903-108C86CFBD15}.Debug|x86.ActiveCfg = Debug|Any CPU
		{40AC1A3B-9796-4F90-8903-108C86CFBD15}.DebugAnyCPU|Any CPU.ActiveCfg = DebugAnyCPU|Any CPU
		{40AC1A3B-9796-4F90-8903-108C86CFBD15}.DebugAnyCPU|Any CPU.Build.0 = DebugAnyCPU|Any CPU
		{40AC1A3B-9796-4F90-8903-108C86CFBD15}.DebugAnyCPU|ARM.ActiveCfg = DebugAnyCPU|Any CPU
		{40AC1A3B-9796-4F90-8903-108C86CFBD15}.DebugAnyCPU|Mixed Platforms.ActiveCfg = DebugAnyCPU|Any CPU
		{40AC1A3B-9796-4F90-8903-108C86CFBD15}.DebugAnyCPU|Mixed Platforms.Build.0 = DebugAnyCPU|Any CPU
		{40AC1A3B-9796-4F90-8903-108C86CFBD15}.DebugAnyCPU|x86.ActiveCfg = DebugAnyCPU|Any CPU
		{40AC1A3B-9796-4F90-8903-108C86CFBD15}.Release|Any CPU.ActiveCfg = Release|Any CPU
		{40AC1A3B-9796-4F90-8903-108C86CFBD15}.Release|Any CPU.Build.0 = Release|Any CPU
		{40AC1A3B-9796-4F90-8903-108C86CFBD15}.Release|ARM.ActiveCfg = Release|Any CPU
		{40AC1A3B-9796-4F90-8903-108C86CFBD15}.Release|Mixed Platforms.ActiveCfg = Release|Any CPU
		{40AC1A3B-9796-4F90-8903-108C86CFBD15}.Release|Mixed Platforms.Build.0 = Release|Any CPU
		{40AC1A3B-9796-4F90-8903-108C86CFBD15}.Release|x86.ActiveCfg = Release|Any CPU
		{C049B810-F050-4939-ADED-F2BB7711C25F}.Debug|Any CPU.ActiveCfg = Debug|Any CPU
		{C049B810-F050-4939-ADED-F2BB7711C25F}.Debug|Any CPU.Build.0 = Debug|Any CPU
		{C049B810-F050-4939-ADED-F2BB7711C25F}.Debug|ARM.ActiveCfg = Debug|ARM
		{C049B810-F050-4939-ADED-F2BB7711C25F}.Debug|ARM.Build.0 = Debug|ARM
		{C049B810-F050-4939-ADED-F2BB7711C25F}.Debug|Mixed Platforms.ActiveCfg = Debug|x86
		{C049B810-F050-4939-ADED-F2BB7711C25F}.Debug|Mixed Platforms.Build.0 = Debug|x86
		{C049B810-F050-4939-ADED-F2BB7711C25F}.Debug|x86.ActiveCfg = Debug|x86
		{C049B810-F050-4939-ADED-F2BB7711C25F}.Debug|x86.Build.0 = Debug|x86
		{C049B810-F050-4939-ADED-F2BB7711C25F}.DebugAnyCPU|Any CPU.ActiveCfg = DebugAnyCPU|Any CPU
		{C049B810-F050-4939-ADED-F2BB7711C25F}.DebugAnyCPU|Any CPU.Build.0 = DebugAnyCPU|Any CPU
		{C049B810-F050-4939-ADED-F2BB7711C25F}.DebugAnyCPU|ARM.ActiveCfg = DebugAnyCPU|ARM
		{C049B810-F050-4939-ADED-F2BB7711C25F}.DebugAnyCPU|ARM.Build.0 = DebugAnyCPU|ARM
		{C049B810-F050-4939-ADED-F2BB7711C25F}.DebugAnyCPU|Mixed Platforms.ActiveCfg = DebugAnyCPU|Any CPU
		{C049B810-F050-4939-ADED-F2BB7711C25F}.DebugAnyCPU|Mixed Platforms.Build.0 = DebugAnyCPU|Any CPU
		{C049B810-F050-4939-ADED-F2BB7711C25F}.DebugAnyCPU|x86.ActiveCfg = DebugAnyCPU|x86
		{C049B810-F050-4939-ADED-F2BB7711C25F}.DebugAnyCPU|x86.Build.0 = DebugAnyCPU|x86
		{C049B810-F050-4939-ADED-F2BB7711C25F}.Release|Any CPU.ActiveCfg = Release|Any CPU
		{C049B810-F050-4939-ADED-F2BB7711C25F}.Release|Any CPU.Build.0 = Release|Any CPU
		{C049B810-F050-4939-ADED-F2BB7711C25F}.Release|ARM.ActiveCfg = Release|ARM
		{C049B810-F050-4939-ADED-F2BB7711C25F}.Release|ARM.Build.0 = Release|ARM
		{C049B810-F050-4939-ADED-F2BB7711C25F}.Release|Mixed Platforms.ActiveCfg = Release|x86
		{C049B810-F050-4939-ADED-F2BB7711C25F}.Release|Mixed Platforms.Build.0 = Release|x86
		{C049B810-F050-4939-ADED-F2BB7711C25F}.Release|x86.ActiveCfg = Release|x86
		{C049B810-F050-4939-ADED-F2BB7711C25F}.Release|x86.Build.0 = Release|x86
		{3337CA6F-1DAD-43AB-98D1-6062BCA19680}.Debug|Any CPU.ActiveCfg = Debug|Any CPU
		{3337CA6F-1DAD-43AB-98D1-6062BCA19680}.Debug|Any CPU.Build.0 = Debug|Any CPU
		{3337CA6F-1DAD-43AB-98D1-6062BCA19680}.Debug|Any CPU.Deploy.0 = Debug|Any CPU
		{3337CA6F-1DAD-43AB-98D1-6062BCA19680}.Debug|ARM.ActiveCfg = Debug|ARM
		{3337CA6F-1DAD-43AB-98D1-6062BCA19680}.Debug|ARM.Build.0 = Debug|ARM
		{3337CA6F-1DAD-43AB-98D1-6062BCA19680}.Debug|ARM.Deploy.0 = Debug|ARM
		{3337CA6F-1DAD-43AB-98D1-6062BCA19680}.Debug|Mixed Platforms.ActiveCfg = Debug|x86
		{3337CA6F-1DAD-43AB-98D1-6062BCA19680}.Debug|Mixed Platforms.Build.0 = Debug|x86
		{3337CA6F-1DAD-43AB-98D1-6062BCA19680}.Debug|Mixed Platforms.Deploy.0 = Debug|x86
		{3337CA6F-1DAD-43AB-98D1-6062BCA19680}.Debug|x86.ActiveCfg = Debug|x86
		{3337CA6F-1DAD-43AB-98D1-6062BCA19680}.Debug|x86.Build.0 = Debug|x86
		{3337CA6F-1DAD-43AB-98D1-6062BCA19680}.Debug|x86.Deploy.0 = Debug|x86
		{3337CA6F-1DAD-43AB-98D1-6062BCA19680}.DebugAnyCPU|Any CPU.ActiveCfg = DebugAnyCPU|Any CPU
		{3337CA6F-1DAD-43AB-98D1-6062BCA19680}.DebugAnyCPU|Any CPU.Build.0 = DebugAnyCPU|Any CPU
		{3337CA6F-1DAD-43AB-98D1-6062BCA19680}.DebugAnyCPU|Any CPU.Deploy.0 = DebugAnyCPU|Any CPU
		{3337CA6F-1DAD-43AB-98D1-6062BCA19680}.DebugAnyCPU|ARM.ActiveCfg = DebugAnyCPU|ARM
		{3337CA6F-1DAD-43AB-98D1-6062BCA19680}.DebugAnyCPU|ARM.Build.0 = DebugAnyCPU|ARM
		{3337CA6F-1DAD-43AB-98D1-6062BCA19680}.DebugAnyCPU|ARM.Deploy.0 = DebugAnyCPU|ARM
		{3337CA6F-1DAD-43AB-98D1-6062BCA19680}.DebugAnyCPU|Mixed Platforms.ActiveCfg = DebugAnyCPU|Any CPU
		{3337CA6F-1DAD-43AB-98D1-6062BCA19680}.DebugAnyCPU|Mixed Platforms.Build.0 = DebugAnyCPU|Any CPU
		{3337CA6F-1DAD-43AB-98D1-6062BCA19680}.DebugAnyCPU|Mixed Platforms.Deploy.0 = DebugAnyCPU|Any CPU
		{3337CA6F-1DAD-43AB-98D1-6062BCA19680}.DebugAnyCPU|x86.ActiveCfg = DebugAnyCPU|x86
		{3337CA6F-1DAD-43AB-98D1-6062BCA19680}.DebugAnyCPU|x86.Build.0 = DebugAnyCPU|x86
		{3337CA6F-1DAD-43AB-98D1-6062BCA19680}.DebugAnyCPU|x86.Deploy.0 = DebugAnyCPU|x86
		{3337CA6F-1DAD-43AB-98D1-6062BCA19680}.Release|Any CPU.ActiveCfg = Release|Any CPU
		{3337CA6F-1DAD-43AB-98D1-6062BCA19680}.Release|Any CPU.Build.0 = Release|Any CPU
		{3337CA6F-1DAD-43AB-98D1-6062BCA19680}.Release|Any CPU.Deploy.0 = Release|Any CPU
		{3337CA6F-1DAD-43AB-98D1-6062BCA19680}.Release|ARM.ActiveCfg = Release|ARM
		{3337CA6F-1DAD-43AB-98D1-6062BCA19680}.Release|ARM.Build.0 = Release|ARM
		{3337CA6F-1DAD-43AB-98D1-6062BCA19680}.Release|ARM.Deploy.0 = Release|ARM
		{3337CA6F-1DAD-43AB-98D1-6062BCA19680}.Release|Mixed Platforms.ActiveCfg = Release|x86
		{3337CA6F-1DAD-43AB-98D1-6062BCA19680}.Release|Mixed Platforms.Build.0 = Release|x86
		{3337CA6F-1DAD-43AB-98D1-6062BCA19680}.Release|Mixed Platforms.Deploy.0 = Release|x86
		{3337CA6F-1DAD-43AB-98D1-6062BCA19680}.Release|x86.ActiveCfg = Release|x86
		{3337CA6F-1DAD-43AB-98D1-6062BCA19680}.Release|x86.Build.0 = Release|x86
		{3337CA6F-1DAD-43AB-98D1-6062BCA19680}.Release|x86.Deploy.0 = Release|x86
		{FCFBDAC4-2004-4B4B-807D-C6CB5DB5CFC1}.Debug|Any CPU.ActiveCfg = Debug|x86
		{FCFBDAC4-2004-4B4B-807D-C6CB5DB5CFC1}.Debug|ARM.ActiveCfg = Debug|ARM
		{FCFBDAC4-2004-4B4B-807D-C6CB5DB5CFC1}.Debug|ARM.Build.0 = Debug|ARM
		{FCFBDAC4-2004-4B4B-807D-C6CB5DB5CFC1}.Debug|ARM.Deploy.0 = Debug|ARM
		{FCFBDAC4-2004-4B4B-807D-C6CB5DB5CFC1}.Debug|Mixed Platforms.ActiveCfg = Debug|x86
		{FCFBDAC4-2004-4B4B-807D-C6CB5DB5CFC1}.Debug|Mixed Platforms.Build.0 = Debug|x86
		{FCFBDAC4-2004-4B4B-807D-C6CB5DB5CFC1}.Debug|Mixed Platforms.Deploy.0 = Debug|x86
		{FCFBDAC4-2004-4B4B-807D-C6CB5DB5CFC1}.Debug|x86.ActiveCfg = Debug|x86
		{FCFBDAC4-2004-4B4B-807D-C6CB5DB5CFC1}.Debug|x86.Build.0 = Debug|x86
		{FCFBDAC4-2004-4B4B-807D-C6CB5DB5CFC1}.Debug|x86.Deploy.0 = Debug|x86
		{FCFBDAC4-2004-4B4B-807D-C6CB5DB5CFC1}.DebugAnyCPU|Any CPU.ActiveCfg = DebugAnyCPU|x86
		{FCFBDAC4-2004-4B4B-807D-C6CB5DB5CFC1}.DebugAnyCPU|ARM.ActiveCfg = DebugAnyCPU|ARM
		{FCFBDAC4-2004-4B4B-807D-C6CB5DB5CFC1}.DebugAnyCPU|ARM.Build.0 = DebugAnyCPU|ARM
		{FCFBDAC4-2004-4B4B-807D-C6CB5DB5CFC1}.DebugAnyCPU|ARM.Deploy.0 = DebugAnyCPU|ARM
		{FCFBDAC4-2004-4B4B-807D-C6CB5DB5CFC1}.DebugAnyCPU|Mixed Platforms.ActiveCfg = DebugAnyCPU|x86
		{FCFBDAC4-2004-4B4B-807D-C6CB5DB5CFC1}.DebugAnyCPU|Mixed Platforms.Build.0 = DebugAnyCPU|x86
		{FCFBDAC4-2004-4B4B-807D-C6CB5DB5CFC1}.DebugAnyCPU|Mixed Platforms.Deploy.0 = DebugAnyCPU|x86
		{FCFBDAC4-2004-4B4B-807D-C6CB5DB5CFC1}.DebugAnyCPU|x86.ActiveCfg = DebugAnyCPU|x86
		{FCFBDAC4-2004-4B4B-807D-C6CB5DB5CFC1}.DebugAnyCPU|x86.Build.0 = DebugAnyCPU|x86
		{FCFBDAC4-2004-4B4B-807D-C6CB5DB5CFC1}.DebugAnyCPU|x86.Deploy.0 = DebugAnyCPU|x86
		{FCFBDAC4-2004-4B4B-807D-C6CB5DB5CFC1}.Release|Any CPU.ActiveCfg = Release|x86
		{FCFBDAC4-2004-4B4B-807D-C6CB5DB5CFC1}.Release|ARM.ActiveCfg = Release|ARM
		{FCFBDAC4-2004-4B4B-807D-C6CB5DB5CFC1}.Release|ARM.Build.0 = Release|ARM
		{FCFBDAC4-2004-4B4B-807D-C6CB5DB5CFC1}.Release|ARM.Deploy.0 = Release|ARM
		{FCFBDAC4-2004-4B4B-807D-C6CB5DB5CFC1}.Release|Mixed Platforms.ActiveCfg = Release|x86
		{FCFBDAC4-2004-4B4B-807D-C6CB5DB5CFC1}.Release|Mixed Platforms.Build.0 = Release|x86
		{FCFBDAC4-2004-4B4B-807D-C6CB5DB5CFC1}.Release|Mixed Platforms.Deploy.0 = Release|x86
		{FCFBDAC4-2004-4B4B-807D-C6CB5DB5CFC1}.Release|x86.ActiveCfg = Release|x86
		{FCFBDAC4-2004-4B4B-807D-C6CB5DB5CFC1}.Release|x86.Build.0 = Release|x86
		{FCFBDAC4-2004-4B4B-807D-C6CB5DB5CFC1}.Release|x86.Deploy.0 = Release|x86
		{E6DDBEAB-6AD8-42B2-9B9C-93BD7C2D10EE}.Debug|Any CPU.ActiveCfg = Debug|x86
		{E6DDBEAB-6AD8-42B2-9B9C-93BD7C2D10EE}.Debug|ARM.ActiveCfg = Debug|ARM
		{E6DDBEAB-6AD8-42B2-9B9C-93BD7C2D10EE}.Debug|ARM.Build.0 = Debug|ARM
		{E6DDBEAB-6AD8-42B2-9B9C-93BD7C2D10EE}.Debug|ARM.Deploy.0 = Debug|ARM
		{E6DDBEAB-6AD8-42B2-9B9C-93BD7C2D10EE}.Debug|Mixed Platforms.ActiveCfg = Debug|x86
		{E6DDBEAB-6AD8-42B2-9B9C-93BD7C2D10EE}.Debug|Mixed Platforms.Build.0 = Debug|x86
		{E6DDBEAB-6AD8-42B2-9B9C-93BD7C2D10EE}.Debug|Mixed Platforms.Deploy.0 = Debug|x86
		{E6DDBEAB-6AD8-42B2-9B9C-93BD7C2D10EE}.Debug|x86.ActiveCfg = Debug|x86
		{E6DDBEAB-6AD8-42B2-9B9C-93BD7C2D10EE}.Debug|x86.Build.0 = Debug|x86
		{E6DDBEAB-6AD8-42B2-9B9C-93BD7C2D10EE}.Debug|x86.Deploy.0 = Debug|x86
		{E6DDBEAB-6AD8-42B2-9B9C-93BD7C2D10EE}.DebugAnyCPU|Any CPU.ActiveCfg = Debug|x86
		{E6DDBEAB-6AD8-42B2-9B9C-93BD7C2D10EE}.DebugAnyCPU|ARM.ActiveCfg = Debug|ARM
		{E6DDBEAB-6AD8-42B2-9B9C-93BD7C2D10EE}.DebugAnyCPU|ARM.Build.0 = Debug|ARM
		{E6DDBEAB-6AD8-42B2-9B9C-93BD7C2D10EE}.DebugAnyCPU|ARM.Deploy.0 = Debug|ARM
		{E6DDBEAB-6AD8-42B2-9B9C-93BD7C2D10EE}.DebugAnyCPU|Mixed Platforms.ActiveCfg = Debug|x86
		{E6DDBEAB-6AD8-42B2-9B9C-93BD7C2D10EE}.DebugAnyCPU|Mixed Platforms.Build.0 = Debug|x86
		{E6DDBEAB-6AD8-42B2-9B9C-93BD7C2D10EE}.DebugAnyCPU|Mixed Platforms.Deploy.0 = Debug|x86
		{E6DDBEAB-6AD8-42B2-9B9C-93BD7C2D10EE}.DebugAnyCPU|x86.ActiveCfg = Debug|x86
		{E6DDBEAB-6AD8-42B2-9B9C-93BD7C2D10EE}.DebugAnyCPU|x86.Build.0 = Debug|x86
		{E6DDBEAB-6AD8-42B2-9B9C-93BD7C2D10EE}.DebugAnyCPU|x86.Deploy.0 = Debug|x86
		{E6DDBEAB-6AD8-42B2-9B9C-93BD7C2D10EE}.Release|Any CPU.ActiveCfg = Release|x86
		{E6DDBEAB-6AD8-42B2-9B9C-93BD7C2D10EE}.Release|ARM.ActiveCfg = Release|ARM
		{E6DDBEAB-6AD8-42B2-9B9C-93BD7C2D10EE}.Release|ARM.Build.0 = Release|ARM
		{E6DDBEAB-6AD8-42B2-9B9C-93BD7C2D10EE}.Release|ARM.Deploy.0 = Release|ARM
		{E6DDBEAB-6AD8-42B2-9B9C-93BD7C2D10EE}.Release|Mixed Platforms.ActiveCfg = Release|x86
		{E6DDBEAB-6AD8-42B2-9B9C-93BD7C2D10EE}.Release|Mixed Platforms.Build.0 = Release|x86
		{E6DDBEAB-6AD8-42B2-9B9C-93BD7C2D10EE}.Release|Mixed Platforms.Deploy.0 = Release|x86
		{E6DDBEAB-6AD8-42B2-9B9C-93BD7C2D10EE}.Release|x86.ActiveCfg = Release|x86
		{E6DDBEAB-6AD8-42B2-9B9C-93BD7C2D10EE}.Release|x86.Build.0 = Release|x86
		{E6DDBEAB-6AD8-42B2-9B9C-93BD7C2D10EE}.Release|x86.Deploy.0 = Release|x86
	EndGlobalSection
	GlobalSection(SolutionProperties) = preSolution
		HideSolutionNode = FALSE
	EndGlobalSection
	GlobalSection(NestedProjects) = preSolution
		{FCFBDAC4-2004-4B4B-807D-C6CB5DB5CFC1} = {3EA2544C-AD5D-4621-9DE6-0D9EDB5BCC4C}
		{E6DDBEAB-6AD8-42B2-9B9C-93BD7C2D10EE} = {3EA2544C-AD5D-4621-9DE6-0D9EDB5BCC4C}
	EndGlobalSection
EndGlobal
