
Microsoft Visual Studio Solution File, Format Version 12.00
# Visual Studio 2012
Project("{2150E333-8FDC-42A3-9474-1A3956D46DE8}") = "Tests", "Tests", "{74D31189-6733-471C-B378-C71B72A8FBB8}"
EndProject
Project("{FAE04EC0-301F-11D3-BF4B-00C04F79EFBC}") = "MetroPass.Core", "MetroPass.Core\MetroPass.Core.csproj", "{C08EEC72-CB2E-4CB9-B6EE-D2C5D070D95C}"
EndProject
Project("{FAE04EC0-301F-11D3-BF4B-00C04F79EFBC}") = "MetroPass.Core.Tests", "MetroPass.Core.Tests\MetroPass.Core.Tests.csproj", "{EDE8AAA4-7F20-4CD3-8B8D-31D639943509}"
EndProject
Project("{FAE04EC0-301F-11D3-BF4B-00C04F79EFBC}") = "MetroPass.UI", "MetroPass.UI\MetroPass.UI.csproj", "{CE338F45-5EAA-49E1-A6C7-25DC4654C3CE}"
EndProject
Project("{FAE04EC0-301F-11D3-BF4B-00C04F79EFBC}") = "Framework", "Framework\Framework.csproj", "{7F4C7DCB-9379-459B-9D8B-191804A5D3D6}"
EndProject
Project("{2150E333-8FDC-42A3-9474-1A3956D46DE8}") = ".nuget", ".nuget", "{A44B3F14-BF44-4B89-850C-771ADF65FA61}"
	ProjectSection(SolutionItems) = preProject
		.nuget\NuGet.Config = .nuget\NuGet.Config
		.nuget\NuGet.exe = .nuget\NuGet.exe
		.nuget\NuGet.targets = .nuget\NuGet.targets
	EndProjectSection
EndProject
Global
	GlobalSection(SolutionConfigurationPlatforms) = preSolution
		Debug|Any CPU = Debug|Any CPU
		Debug|ARM = Debug|ARM
		Debug|x64 = Debug|x64
		Debug|x86 = Debug|x86
		Release|Any CPU = Release|Any CPU
		Release|ARM = Release|ARM
		Release|x64 = Release|x64
		Release|x86 = Release|x86
	EndGlobalSection
	GlobalSection(ProjectConfigurationPlatforms) = postSolution
		{C08EEC72-CB2E-4CB9-B6EE-D2C5D070D95C}.Debug|Any CPU.ActiveCfg = Debug|Any CPU
		{C08EEC72-CB2E-4CB9-B6EE-D2C5D070D95C}.Debug|Any CPU.Build.0 = Debug|Any CPU
		{C08EEC72-CB2E-4CB9-B6EE-D2C5D070D95C}.Debug|ARM.ActiveCfg = Debug|ARM
		{C08EEC72-CB2E-4CB9-B6EE-D2C5D070D95C}.Debug|ARM.Build.0 = Debug|ARM
		{C08EEC72-CB2E-4CB9-B6EE-D2C5D070D95C}.Debug|x64.ActiveCfg = Debug|x64
		{C08EEC72-CB2E-4CB9-B6EE-D2C5D070D95C}.Debug|x64.Build.0 = Debug|x64
		{C08EEC72-CB2E-4CB9-B6EE-D2C5D070D95C}.Debug|x86.ActiveCfg = Debug|x86
		{C08EEC72-CB2E-4CB9-B6EE-D2C5D070D95C}.Debug|x86.Build.0 = Debug|x86
		{C08EEC72-CB2E-4CB9-B6EE-D2C5D070D95C}.Release|Any CPU.ActiveCfg = Release|Any CPU
		{C08EEC72-CB2E-4CB9-B6EE-D2C5D070D95C}.Release|Any CPU.Build.0 = Release|Any CPU
		{C08EEC72-CB2E-4CB9-B6EE-D2C5D070D95C}.Release|ARM.ActiveCfg = Release|ARM
		{C08EEC72-CB2E-4CB9-B6EE-D2C5D070D95C}.Release|ARM.Build.0 = Release|ARM
		{C08EEC72-CB2E-4CB9-B6EE-D2C5D070D95C}.Release|x64.ActiveCfg = Release|x64
		{C08EEC72-CB2E-4CB9-B6EE-D2C5D070D95C}.Release|x64.Build.0 = Release|x64
		{C08EEC72-CB2E-4CB9-B6EE-D2C5D070D95C}.Release|x86.ActiveCfg = Release|x86
		{C08EEC72-CB2E-4CB9-B6EE-D2C5D070D95C}.Release|x86.Build.0 = Release|x86
		{EDE8AAA4-7F20-4CD3-8B8D-31D639943509}.Debug|Any CPU.ActiveCfg = Debug|Any CPU
		{EDE8AAA4-7F20-4CD3-8B8D-31D639943509}.Debug|Any CPU.Build.0 = Debug|Any CPU
		{EDE8AAA4-7F20-4CD3-8B8D-31D639943509}.Debug|Any CPU.Deploy.0 = Debug|Any CPU
		{EDE8AAA4-7F20-4CD3-8B8D-31D639943509}.Debug|ARM.ActiveCfg = Debug|ARM
		{EDE8AAA4-7F20-4CD3-8B8D-31D639943509}.Debug|ARM.Build.0 = Debug|ARM
		{EDE8AAA4-7F20-4CD3-8B8D-31D639943509}.Debug|ARM.Deploy.0 = Debug|ARM
		{EDE8AAA4-7F20-4CD3-8B8D-31D639943509}.Debug|x64.ActiveCfg = Debug|x64
		{EDE8AAA4-7F20-4CD3-8B8D-31D639943509}.Debug|x64.Build.0 = Debug|x64
		{EDE8AAA4-7F20-4CD3-8B8D-31D639943509}.Debug|x64.Deploy.0 = Debug|x64
		{EDE8AAA4-7F20-4CD3-8B8D-31D639943509}.Debug|x86.ActiveCfg = Debug|x86
		{EDE8AAA4-7F20-4CD3-8B8D-31D639943509}.Debug|x86.Build.0 = Debug|x86
		{EDE8AAA4-7F20-4CD3-8B8D-31D639943509}.Debug|x86.Deploy.0 = Debug|x86
		{EDE8AAA4-7F20-4CD3-8B8D-31D639943509}.Release|Any CPU.ActiveCfg = Release|Any CPU
		{EDE8AAA4-7F20-4CD3-8B8D-31D639943509}.Release|Any CPU.Build.0 = Release|Any CPU
		{EDE8AAA4-7F20-4CD3-8B8D-31D639943509}.Release|ARM.ActiveCfg = Release|ARM
		{EDE8AAA4-7F20-4CD3-8B8D-31D639943509}.Release|ARM.Build.0 = Release|ARM
		{EDE8AAA4-7F20-4CD3-8B8D-31D639943509}.Release|ARM.Deploy.0 = Release|ARM
		{EDE8AAA4-7F20-4CD3-8B8D-31D639943509}.Release|x64.ActiveCfg = Release|x64
		{EDE8AAA4-7F20-4CD3-8B8D-31D639943509}.Release|x64.Build.0 = Release|x64
		{EDE8AAA4-7F20-4CD3-8B8D-31D639943509}.Release|x64.Deploy.0 = Release|x64
		{EDE8AAA4-7F20-4CD3-8B8D-31D639943509}.Release|x86.ActiveCfg = Release|x86
		{EDE8AAA4-7F20-4CD3-8B8D-31D639943509}.Release|x86.Build.0 = Release|x86
		{EDE8AAA4-7F20-4CD3-8B8D-31D639943509}.Release|x86.Deploy.0 = Release|x86
		{CE338F45-5EAA-49E1-A6C7-25DC4654C3CE}.Debug|Any CPU.ActiveCfg = Debug|Any CPU
		{CE338F45-5EAA-49E1-A6C7-25DC4654C3CE}.Debug|Any CPU.Build.0 = Debug|Any CPU
		{CE338F45-5EAA-49E1-A6C7-25DC4654C3CE}.Debug|Any CPU.Deploy.0 = Debug|Any CPU
		{CE338F45-5EAA-49E1-A6C7-25DC4654C3CE}.Debug|ARM.ActiveCfg = Debug|ARM
		{CE338F45-5EAA-49E1-A6C7-25DC4654C3CE}.Debug|ARM.Build.0 = Debug|ARM
		{CE338F45-5EAA-49E1-A6C7-25DC4654C3CE}.Debug|ARM.Deploy.0 = Debug|ARM
		{CE338F45-5EAA-49E1-A6C7-25DC4654C3CE}.Debug|x64.ActiveCfg = Debug|x64
		{CE338F45-5EAA-49E1-A6C7-25DC4654C3CE}.Debug|x64.Build.0 = Debug|x64
		{CE338F45-5EAA-49E1-A6C7-25DC4654C3CE}.Debug|x64.Deploy.0 = Debug|x64
		{CE338F45-5EAA-49E1-A6C7-25DC4654C3CE}.Debug|x86.ActiveCfg = Debug|x86
		{CE338F45-5EAA-49E1-A6C7-25DC4654C3CE}.Debug|x86.Build.0 = Debug|x86
		{CE338F45-5EAA-49E1-A6C7-25DC4654C3CE}.Debug|x86.Deploy.0 = Debug|x86
		{CE338F45-5EAA-49E1-A6C7-25DC4654C3CE}.Release|Any CPU.ActiveCfg = Release|Any CPU
		{CE338F45-5EAA-49E1-A6C7-25DC4654C3CE}.Release|Any CPU.Build.0 = Release|Any CPU
		{CE338F45-5EAA-49E1-A6C7-25DC4654C3CE}.Release|Any CPU.Deploy.0 = Release|Any CPU
		{CE338F45-5EAA-49E1-A6C7-25DC4654C3CE}.Release|ARM.ActiveCfg = Release|ARM
		{CE338F45-5EAA-49E1-A6C7-25DC4654C3CE}.Release|ARM.Build.0 = Release|ARM
		{CE338F45-5EAA-49E1-A6C7-25DC4654C3CE}.Release|ARM.Deploy.0 = Release|ARM
		{CE338F45-5EAA-49E1-A6C7-25DC4654C3CE}.Release|x64.ActiveCfg = Release|x64
		{CE338F45-5EAA-49E1-A6C7-25DC4654C3CE}.Release|x64.Build.0 = Release|x64
		{CE338F45-5EAA-49E1-A6C7-25DC4654C3CE}.Release|x64.Deploy.0 = Release|x64
		{CE338F45-5EAA-49E1-A6C7-25DC4654C3CE}.Release|x86.ActiveCfg = Release|x86
		{CE338F45-5EAA-49E1-A6C7-25DC4654C3CE}.Release|x86.Build.0 = Release|x86
		{CE338F45-5EAA-49E1-A6C7-25DC4654C3CE}.Release|x86.Deploy.0 = Release|x86
		{7F4C7DCB-9379-459B-9D8B-191804A5D3D6}.Debug|Any CPU.ActiveCfg = Debug|Any CPU
		{7F4C7DCB-9379-459B-9D8B-191804A5D3D6}.Debug|Any CPU.Build.0 = Debug|Any CPU
		{7F4C7DCB-9379-459B-9D8B-191804A5D3D6}.Debug|ARM.ActiveCfg = Debug|ARM
		{7F4C7DCB-9379-459B-9D8B-191804A5D3D6}.Debug|ARM.Build.0 = Debug|ARM
		{7F4C7DCB-9379-459B-9D8B-191804A5D3D6}.Debug|x64.ActiveCfg = Debug|x64
		{7F4C7DCB-9379-459B-9D8B-191804A5D3D6}.Debug|x64.Build.0 = Debug|x64
		{7F4C7DCB-9379-459B-9D8B-191804A5D3D6}.Debug|x86.ActiveCfg = Debug|x86
		{7F4C7DCB-9379-459B-9D8B-191804A5D3D6}.Debug|x86.Build.0 = Debug|x86
		{7F4C7DCB-9379-459B-9D8B-191804A5D3D6}.Release|Any CPU.ActiveCfg = Release|Any CPU
		{7F4C7DCB-9379-459B-9D8B-191804A5D3D6}.Release|Any CPU.Build.0 = Release|Any CPU
		{7F4C7DCB-9379-459B-9D8B-191804A5D3D6}.Release|ARM.ActiveCfg = Release|ARM
		{7F4C7DCB-9379-459B-9D8B-191804A5D3D6}.Release|ARM.Build.0 = Release|ARM
		{7F4C7DCB-9379-459B-9D8B-191804A5D3D6}.Release|x64.ActiveCfg = Release|x64
		{7F4C7DCB-9379-459B-9D8B-191804A5D3D6}.Release|x64.Build.0 = Release|x64
		{7F4C7DCB-9379-459B-9D8B-191804A5D3D6}.Release|x86.ActiveCfg = Release|x86
		{7F4C7DCB-9379-459B-9D8B-191804A5D3D6}.Release|x86.Build.0 = Release|x86
	EndGlobalSection
	GlobalSection(SolutionProperties) = preSolution
		HideSolutionNode = FALSE
	EndGlobalSection
	GlobalSection(NestedProjects) = preSolution
		{EDE8AAA4-7F20-4CD3-8B8D-31D639943509} = {74D31189-6733-471C-B378-C71B72A8FBB8}
	EndGlobalSection
EndGlobal
